
Microsoft Visual Studio Solution File, Format Version 12.00
# Visual Studio Version 17
VisualStudioVersion = 17.5.002.0
MinimumVisualStudioVersion = 10.0.40219.1
Project("{2150E333-8FDC-42A3-9474-1A3956D46DE8}") = "src", "src", "{47590763-C88B-4D63-A664-A5EE4DB602C4}"
EndProject
Project("{9A19103F-16F7-4668-BE54-9A1E7A4F7556}") = "TodoListApp", "src\TodoListApp\TodoListApp.csproj", "{9EBFE5C2-BDBD-42B0-AA14-7733348BD9A4}"
EndProject
Global
	GlobalSection(SolutionConfigurationPlatforms) = preSolution
		Debug|Any CPU = Debug|Any CPU
		Release|Any CPU = Release|Any CPU
	EndGlobalSection
	GlobalSection(ProjectConfigurationPlatforms) = postSolution
		{9EBFE5C2-BDBD-42B0-AA14-7733348BD9A4}.Debug|Any CPU.ActiveCfg = Debug|Any CPU
		{9EBFE5C2-BDBD-42B0-AA14-7733348BD9A4}.Debug|Any CPU.Build.0 = Debug|Any CPU
		{9EBFE5C2-BDBD-42B0-AA14-7733348BD9A4}.Release|Any CPU.ActiveCfg = Release|Any CPU
		{9EBFE5C2-BDBD-42B0-AA14-7733348BD9A4}.Release|Any CPU.Build.0 = Release|Any CPU
	EndGlobalSection
	GlobalSection(SolutionProperties) = preSolution
		HideSolutionNode = FALSE
	EndGlobalSection
	GlobalSection(NestedProjects) = preSolution
		{9EBFE5C2-BDBD-42B0-AA14-7733348BD9A4} = {47590763-C88B-4D63-A664-A5EE4DB602C4}
	EndGlobalSection
	GlobalSection(ExtensibilityGlobals) = postSolution
		SolutionGuid = {21C0C79A-3736-4D62-BAA6-8E37B5FCF415}
	EndGlobalSection
EndGlobal
